
Microsoft Visual Studio Solution File, Format Version 12.00
# Visual Studio Version 17
VisualStudioVersion = 17.0.31903.59
MinimumVisualStudioVersion = 10.0.40219.1
Project("{2150E333-8FDC-42A3-9474-1A3956D46DE8}") = "src", "src", "{71327903-BA21-4B71-907E-0AF4AB4B717C}"
EndProject
Project("{FAE04EC0-301F-11D3-BF4B-00C04F79EFBC}") = "ItemCatalogue.Api", "src\ItemCatalogue.Api\ItemCatalogue.Api.csproj", "{62B48C63-9430-4F24-87CF-DB2CB3F45C65}"
EndProject
Project("{FAE04EC0-301F-11D3-BF4B-00C04F79EFBC}") = "ItemCatalogue.Core", "src\ItemCatalogue.Core\ItemCatalogue.Core.csproj", "{6B3BE0C6-00F3-4BEE-8F94-1C8463140F33}"
EndProject
Project("{FAE04EC0-301F-11D3-BF4B-00C04F79EFBC}") = "ItemCatalogue.Infrastructure", "src\ItemCatalogue.Infrastructure\ItemCatalogue.Infrastructure.csproj", "{80EFA4C5-C577-413F-866D-24656EE3F86D}"
EndProject
Project("{2150E333-8FDC-42A3-9474-1A3956D46DE8}") = "Solution Items", "Solution Items", "{FF11E8FE-059A-4C3D-AD03-62C47C5154BE}"
	ProjectSection(SolutionItems) = preProject
		Directory.Packages.props = Directory.Packages.props
		README.md = README.md
		Directory.Build.props = Directory.Build.props
		nuget.config = nuget.config
		.editorconfig = .editorconfig
		build.sh = build.sh
		run.api.sh = run.api.sh
		docker-compose.yml = docker-compose.yml
	EndProjectSection
EndProject
Project("{2150E333-8FDC-42A3-9474-1A3956D46DE8}") = "docs", "docs", "{7E4E79C5-1B95-4BF3-BE1D-DC78E2C11DF8}"
	ProjectSection(SolutionItems) = preProject
		docs\docs.md = docs\docs.md
		docs\snippets.md = docs\snippets.md
	EndProjectSection
EndProject
Global
	GlobalSection(SolutionConfigurationPlatforms) = preSolution
		Debug|Any CPU = Debug|Any CPU
		Release|Any CPU = Release|Any CPU
	EndGlobalSection
	GlobalSection(ProjectConfigurationPlatforms) = postSolution
		{62B48C63-9430-4F24-87CF-DB2CB3F45C65}.Debug|Any CPU.ActiveCfg = Debug|Any CPU
		{62B48C63-9430-4F24-87CF-DB2CB3F45C65}.Debug|Any CPU.Build.0 = Debug|Any CPU
		{62B48C63-9430-4F24-87CF-DB2CB3F45C65}.Release|Any CPU.ActiveCfg = Release|Any CPU
		{62B48C63-9430-4F24-87CF-DB2CB3F45C65}.Release|Any CPU.Build.0 = Release|Any CPU
		{6B3BE0C6-00F3-4BEE-8F94-1C8463140F33}.Debug|Any CPU.ActiveCfg = Debug|Any CPU
		{6B3BE0C6-00F3-4BEE-8F94-1C8463140F33}.Debug|Any CPU.Build.0 = Debug|Any CPU
		{6B3BE0C6-00F3-4BEE-8F94-1C8463140F33}.Release|Any CPU.ActiveCfg = Release|Any CPU
		{6B3BE0C6-00F3-4BEE-8F94-1C8463140F33}.Release|Any CPU.Build.0 = Release|Any CPU
		{80EFA4C5-C577-413F-866D-24656EE3F86D}.Debug|Any CPU.ActiveCfg = Debug|Any CPU
		{80EFA4C5-C577-413F-866D-24656EE3F86D}.Debug|Any CPU.Build.0 = Debug|Any CPU
		{80EFA4C5-C577-413F-866D-24656EE3F86D}.Release|Any CPU.ActiveCfg = Release|Any CPU
		{80EFA4C5-C577-413F-866D-24656EE3F86D}.Release|Any CPU.Build.0 = Release|Any CPU
	EndGlobalSection
	GlobalSection(SolutionProperties) = preSolution
		HideSolutionNode = FALSE
	EndGlobalSection
	GlobalSection(NestedProjects) = preSolution
		{62B48C63-9430-4F24-87CF-DB2CB3F45C65} = {71327903-BA21-4B71-907E-0AF4AB4B717C}
		{6B3BE0C6-00F3-4BEE-8F94-1C8463140F33} = {71327903-BA21-4B71-907E-0AF4AB4B717C}
		{80EFA4C5-C577-413F-866D-24656EE3F86D} = {71327903-BA21-4B71-907E-0AF4AB4B717C}
		{7E4E79C5-1B95-4BF3-BE1D-DC78E2C11DF8} = {FF11E8FE-059A-4C3D-AD03-62C47C5154BE}
	EndGlobalSection
EndGlobal
